
Microsoft Visual Studio Solution File, Format Version 12.00
# Visual Studio Version 16
VisualStudioVersion = 16.0.31624.102
MinimumVisualStudioVersion = 10.0.40219.1
Project("{FAE04EC0-301F-11D3-BF4B-00C04F79EFBC}") = "ficha de programação7", "ficha de programação7\ficha de programação7.csproj", "{74999BFF-FAE6-418E-B2E1-56EAA93969D9}"
EndProject
Global
	GlobalSection(SolutionConfigurationPlatforms) = preSolution
		Debug|Any CPU = Debug|Any CPU
		Release|Any CPU = Release|Any CPU
	EndGlobalSection
	GlobalSection(ProjectConfigurationPlatforms) = postSolution
		{74999BFF-FAE6-418E-B2E1-56EAA93969D9}.Debug|Any CPU.ActiveCfg = Debug|Any CPU
		{74999BFF-FAE6-418E-B2E1-56EAA93969D9}.Debug|Any CPU.Build.0 = Debug|Any CPU
		{74999BFF-FAE6-418E-B2E1-56EAA93969D9}.Release|Any CPU.ActiveCfg = Release|Any CPU
		{74999BFF-FAE6-418E-B2E1-56EAA93969D9}.Release|Any CPU.Build.0 = Release|Any CPU
	EndGlobalSection
	GlobalSection(SolutionProperties) = preSolution
		HideSolutionNode = FALSE
	EndGlobalSection
	GlobalSection(ExtensibilityGlobals) = postSolution
		SolutionGuid = {94CD668F-5E77-4DC5-8C8B-A60DFC138856}
	EndGlobalSection
EndGlobal
